// !$*UTF8*$!
{
	archiveVersion = 1;
	classes = {
	};
	objectVersion = 50;
	objects = {

/* Begin PBXBuildFile section */
		E3B9CF4925E147C6002BF620 /* AppDelegate.swift in Sources */ = {isa = PBXBuildFile; fileRef = E3B9CF4825E147C6002BF620 /* AppDelegate.swift */; };
		E3B9CF4B25E147C6002BF620 /* SceneDelegate.swift in Sources */ = {isa = PBXBuildFile; fileRef = E3B9CF4A25E147C6002BF620 /* SceneDelegate.swift */; };
		E3B9CF5025E147C6002BF620 /* Main.storyboard in Resources */ = {isa = PBXBuildFile; fileRef = E3B9CF4E25E147C6002BF620 /* Main.storyboard */; };
		E3B9CF5225E147CA002BF620 /* Assets.xcassets in Resources */ = {isa = PBXBuildFile; fileRef = E3B9CF5125E147CA002BF620 /* Assets.xcassets */; };
		E3B9CF5525E147CA002BF620 /* LaunchScreen.storyboard in Resources */ = {isa = PBXBuildFile; fileRef = E3B9CF5325E147CA002BF620 /* LaunchScreen.storyboard */; };
		E3B9CF6625E14B92002BF620 /* MovieListTableViewController.swift in Sources */ = {isa = PBXBuildFile; fileRef = E3B9CF6525E14B92002BF620 /* MovieListTableViewController.swift */; };
		E3B9CF6925E14BC1002BF620 /* DetailViewController.swift in Sources */ = {isa = PBXBuildFile; fileRef = E3B9CF6825E14BC1002BF620 /* DetailViewController.swift */; };
		E3B9CF6C25E15295002BF620 /* Film.swift in Sources */ = {isa = PBXBuildFile; fileRef = E3B9CF6B25E15295002BF620 /* Film.swift */; };
		E3B9CF6F25E15327002BF620 /* DataManager.swift in Sources */ = {isa = PBXBuildFile; fileRef = E3B9CF6E25E15327002BF620 /* DataManager.swift */; };
/* End PBXBuildFile section */

/* Begin PBXFileReference section */
		E3B9CF4525E147C6002BF620 /* MovieList.app */ = {isa = PBXFileReference; explicitFileType = wrapper.application; includeInIndex = 0; path = MovieList.app; sourceTree = BUILT_PRODUCTS_DIR; };
		E3B9CF4825E147C6002BF620 /* AppDelegate.swift */ = {isa = PBXFileReference; lastKnownFileType = sourcecode.swift; path = AppDelegate.swift; sourceTree = "<group>"; };
		E3B9CF4A25E147C6002BF620 /* SceneDelegate.swift */ = {isa = PBXFileReference; lastKnownFileType = sourcecode.swift; path = SceneDelegate.swift; sourceTree = "<group>"; };
		E3B9CF4F25E147C6002BF620 /* Base */ = {isa = PBXFileReference; lastKnownFileType = file.storyboard; name = Base; path = Base.lproj/Main.storyboard; sourceTree = "<group>"; };
		E3B9CF5125E147CA002BF620 /* Assets.xcassets */ = {isa = PBXFileReference; lastKnownFileType = folder.assetcatalog; path = Assets.xcassets; sourceTree = "<group>"; };
		E3B9CF5425E147CA002BF620 /* Base */ = {isa = PBXFileReference; lastKnownFileType = file.storyboard; name = Base; path = Base.lproj/LaunchScreen.storyboard; sourceTree = "<group>"; };
		E3B9CF5625E147CA002BF620 /* Info.plist */ = {isa = PBXFileReference; lastKnownFileType = text.plist.xml; path = Info.plist; sourceTree = "<group>"; };
		E3B9CF6525E14B92002BF620 /* MovieListTableViewController.swift */ = {isa = PBXFileReference; lastKnownFileType = sourcecode.swift; path = MovieListTableViewController.swift; sourceTree = "<group>"; };
		E3B9CF6825E14BC1002BF620 /* DetailViewController.swift */ = {isa = PBXFileReference; lastKnownFileType = sourcecode.swift; path = DetailViewController.swift; sourceTree = "<group>"; };
		E3B9CF6B25E15295002BF620 /* Film.swift */ = {isa = PBXFileReference; lastKnownFileType = sourcecode.swift; path = Film.swift; sourceTree = "<group>"; };
		E3B9CF6E25E15327002BF620 /* DataManager.swift */ = {isa = PBXFileReference; lastKnownFileType = sourcecode.swift; path = DataManager.swift; sourceTree = "<group>"; };
/* End PBXFileReference section */

/* Begin PBXFrameworksBuildPhase section */
		E3B9CF4225E147C6002BF620 /* Frameworks */ = {
			isa = PBXFrameworksBuildPhase;
			buildActionMask = 2147483647;
			files = (
			);
			runOnlyForDeploymentPostprocessing = 0;
		};
/* End PBXFrameworksBuildPhase section */

/* Begin PBXGroup section */
		E3B9CF3C25E147C5002BF620 = {
			isa = PBXGroup;
			children = (
				E3B9CF4725E147C6002BF620 /* MovieList */,
				E3B9CF4625E147C6002BF620 /* Products */,
			);
			sourceTree = "<group>";
		};
		E3B9CF4625E147C6002BF620 /* Products */ = {
			isa = PBXGroup;
			children = (
				E3B9CF4525E147C6002BF620 /* MovieList.app */,
			);
			name = Products;
			sourceTree = "<group>";
		};
		E3B9CF4725E147C6002BF620 /* MovieList */ = {
			isa = PBXGroup;
			children = (
				E3B9CF5E25E14810002BF620 /* AppDelegate */,
				E3B9CF6425E148AB002BF620 /* ModelManager */,
				E3B9CF6325E14886002BF620 /* Model */,
				E3B9CF6125E14865002BF620 /* view */,
				E3B9CF6225E14874002BF620 /* Controllers */,
				E3B9CF5125E147CA002BF620 /* Assets.xcassets */,
				E3B9CF5625E147CA002BF620 /* Info.plist */,
			);
			path = MovieList;
			sourceTree = "<group>";
		};
		E3B9CF5E25E14810002BF620 /* AppDelegate */ = {
			isa = PBXGroup;
			children = (
				E3B9CF4825E147C6002BF620 /* AppDelegate.swift */,
				E3B9CF4A25E147C6002BF620 /* SceneDelegate.swift */,
			);
			path = AppDelegate;
			sourceTree = "<group>";
		};
		E3B9CF6125E14865002BF620 /* view */ = {
			isa = PBXGroup;
			children = (
				E3B9CF4E25E147C6002BF620 /* Main.storyboard */,
				E3B9CF5325E147CA002BF620 /* LaunchScreen.storyboard */,
			);
			path = view;
			sourceTree = "<group>";
		};
		E3B9CF6225E14874002BF620 /* Controllers */ = {
			isa = PBXGroup;
			children = (
				E3B9CF6525E14B92002BF620 /* MovieListTableViewController.swift */,
				E3B9CF6825E14BC1002BF620 /* DetailViewController.swift */,
			);
			path = Controllers;
			sourceTree = "<group>";
		};
		E3B9CF6325E14886002BF620 /* Model */ = {
			isa = PBXGroup;
			children = (
				E3B9CF6B25E15295002BF620 /* Film.swift */,
			);
			path = Model;
			sourceTree = "<group>";
		};
		E3B9CF6425E148AB002BF620 /* ModelManager */ = {
			isa = PBXGroup;
			children = (
				E3B9CF6E25E15327002BF620 /* DataManager.swift */,
			);
			path = ModelManager;
			sourceTree = "<group>";
		};
/* End PBXGroup section */

/* Begin PBXNativeTarget section */
		E3B9CF4425E147C6002BF620 /* MovieList */ = {
			isa = PBXNativeTarget;
			buildConfigurationList = E3B9CF5925E147CA002BF620 /* Build configuration list for PBXNativeTarget "MovieList" */;
			buildPhases = (
				E3B9CF4125E147C6002BF620 /* Sources */,
				E3B9CF4225E147C6002BF620 /* Frameworks */,
				E3B9CF4325E147C6002BF620 /* Resources */,
			);
			buildRules = (
			);
			dependencies = (
			);
			name = MovieList;
			productName = MovieList;
			productReference = E3B9CF4525E147C6002BF620 /* MovieList.app */;
			productType = "com.apple.product-type.application";
		};
/* End PBXNativeTarget section */

/* Begin PBXProject section */
		E3B9CF3D25E147C5002BF620 /* Project object */ = {
			isa = PBXProject;
			attributes = {
				LastSwiftUpdateCheck = 1240;
				LastUpgradeCheck = 1240;
				TargetAttributes = {
					E3B9CF4425E147C6002BF620 = {
						CreatedOnToolsVersion = 12.4;
					};
				};
			};
			buildConfigurationList = E3B9CF4025E147C5002BF620 /* Build configuration list for PBXProject "MovieList" */;
			compatibilityVersion = "Xcode 9.3";
			developmentRegion = en;
			hasScannedForEncodings = 0;
			knownRegions = (
				en,
				Base,
			);
			mainGroup = E3B9CF3C25E147C5002BF620;
			productRefGroup = E3B9CF4625E147C6002BF620 /* Products */;
			projectDirPath = "";
			projectRoot = "";
			targets = (
				E3B9CF4425E147C6002BF620 /* MovieList */,
			);
		};
/* End PBXProject section */

/* Begin PBXResourcesBuildPhase section */
		E3B9CF4325E147C6002BF620 /* Resources */ = {
			isa = PBXResourcesBuildPhase;
			buildActionMask = 2147483647;
			files = (
				E3B9CF5525E147CA002BF620 /* LaunchScreen.storyboard in Resources */,
				E3B9CF5225E147CA002BF620 /* Assets.xcassets in Resources */,
				E3B9CF5025E147C6002BF620 /* Main.storyboard in Resources */,
			);
			runOnlyForDeploymentPostprocessing = 0;
		};
/* End PBXResourcesBuildPhase section */

/* Begin PBXSourcesBuildPhase section */
		E3B9CF4125E147C6002BF620 /* Sources */ = {
			isa = PBXSourcesBuildPhase;
			buildActionMask = 2147483647;
			files = (
				E3B9CF6C25E15295002BF620 /* Film.swift in Sources */,
				E3B9CF6F25E15327002BF620 /* DataManager.swift in Sources */,
				E3B9CF6625E14B92002BF620 /* MovieListTableViewController.swift in Sources */,
				E3B9CF4925E147C6002BF620 /* AppDelegate.swift in Sources */,
				E3B9CF4B25E147C6002BF620 /* SceneDelegate.swift in Sources */,
				E3B9CF6925E14BC1002BF620 /* DetailViewController.swift in Sources */,
			);
			runOnlyForDeploymentPostprocessing = 0;
		};
/* End PBXSourcesBuildPhase section */

/* Begin PBXVariantGroup section */
		E3B9CF4E25E147C6002BF620 /* Main.storyboard */ = {
			isa = PBXVariantGroup;
			children = (
				E3B9CF4F25E147C6002BF620 /* Base */,
			);
			name = Main.storyboard;
			sourceTree = "<group>";
		};
		E3B9CF5325E147CA002BF620 /* LaunchScreen.storyboard */ = {
			isa = PBXVariantGroup;
			children = (
				E3B9CF5425E147CA002BF620 /* Base */,
			);
			name = LaunchScreen.storyboard;
			sourceTree = "<group>";
		};
/* End PBXVariantGroup section */

/* Begin XCBuildConfiguration section */
		E3B9CF5725E147CA002BF620 /* Debug */ = {
			isa = XCBuildConfiguration;
			buildSettings = {
				ALWAYS_SEARCH_USER_PATHS = NO;
				CLANG_ANALYZER_NONNULL = YES;
				CLANG_ANALYZER_NUMBER_OBJECT_CONVERSION = YES_AGGRESSIVE;
				CLANG_CXX_LANGUAGE_STANDARD = "gnu++14";
				CLANG_CXX_LIBRARY = "libc++";
				CLANG_ENABLE_MODULES = YES;
				CLANG_ENABLE_OBJC_ARC = YES;
				CLANG_ENABLE_OBJC_WEAK = YES;
				CLANG_WARN_BLOCK_CAPTURE_AUTORELEASING = YES;
				CLANG_WARN_BOOL_CONVERSION = YES;
				CLANG_WARN_COMMA = YES;
				CLANG_WARN_CONSTANT_CONVERSION = YES;
				CLANG_WARN_DEPRECATED_OBJC_IMPLEMENTATIONS = YES;
				CLANG_WARN_DIRECT_OBJC_ISA_USAGE = YES_ERROR;
				CLANG_WARN_DOCUMENTATION_COMMENTS = YES;
				CLANG_WARN_EMPTY_BODY = YES;
				CLANG_WARN_ENUM_CONVERSION = YES;
				CLANG_WARN_INFINITE_RECURSION = YES;
				CLANG_WARN_INT_CONVERSION = YES;
				CLANG_WARN_NON_LITERAL_NULL_CONVERSION = YES;
				CLANG_WARN_OBJC_IMPLICIT_RETAIN_SELF = YES;
				CLANG_WARN_OBJC_LITERAL_CONVERSION = YES;
				CLANG_WARN_OBJC_ROOT_CLASS = YES_ERROR;
				CLANG_WARN_QUOTED_INCLUDE_IN_FRAMEWORK_HEADER = YES;
				CLANG_WARN_RANGE_LOOP_ANALYSIS = YES;
				CLANG_WARN_STRICT_PROTOTYPES = YES;
				CLANG_WARN_SUSPICIOUS_MOVE = YES;
				CLANG_WARN_UNGUARDED_AVAILABILITY = YES_AGGRESSIVE;
				CLANG_WARN_UNREACHABLE_CODE = YES;
				CLANG_WARN__DUPLICATE_METHOD_MATCH = YES;
				COPY_PHASE_STRIP = NO;
				DEBUG_INFORMATION_FORMAT = dwarf;
				ENABLE_STRICT_OBJC_MSGSEND = YES;
				ENABLE_TESTABILITY = YES;
				GCC_C_LANGUAGE_STANDARD = gnu11;
				GCC_DYNAMIC_NO_PIC = NO;
				GCC_NO_COMMON_BLOCKS = YES;
				GCC_OPTIMIZATION_LEVEL = 0;
				GCC_PREPROCESSOR_DEFINITIONS = (
					"DEBUG=1",
					"$(inherited)",
				);
				GCC_WARN_64_TO_32_BIT_CONVERSION = YES;
				GCC_WARN_ABOUT_RETURN_TYPE = YES_ERROR;
				GCC_WARN_UNDECLARED_SELECTOR = YES;
				GCC_WARN_UNINITIALIZED_AUTOS = YES_AGGRESSIVE;
				GCC_WARN_UNUSED_FUNCTION = YES;
				GCC_WARN_UNUSED_VARIABLE = YES;
				IPHONEOS_DEPLOYMENT_TARGET = 14.4;
				MTL_ENABLE_DEBUG_INFO = INCLUDE_SOURCE;
				MTL_FAST_MATH = YES;
				ONLY_ACTIVE_ARCH = YES;
				SDKROOT = iphoneos;
				SWIFT_ACTIVE_COMPILATION_CONDITIONS = DEBUG;
				SWIFT_OPTIMIZATION_LEVEL = "-Onone";
			};
			name = Debug;
		};
		E3B9CF5825E147CA002BF620 /* Release */ = {
			isa = XCBuildConfiguration;
			buildSettings = {
				ALWAYS_SEARCH_USER_PATHS = NO;
				CLANG_ANALYZER_NONNULL = YES;
				CLANG_ANALYZER_NUMBER_OBJECT_CONVERSION = YES_AGGRESSIVE;
				CLANG_CXX_LANGUAGE_STANDARD = "gnu++14";
				CLANG_CXX_LIBRARY = "libc++";
				CLANG_ENABLE_MODULES = YES;
				CLANG_ENABLE_OBJC_ARC = YES;
				CLANG_ENABLE_OBJC_WEAK = YES;
				CLANG_WARN_BLOCK_CAPTURE_AUTORELEASING = YES;
				CLANG_WARN_BOOL_CONVERSION = YES;
				CLANG_WARN_COMMA = YES;
				CLANG_WARN_CONSTANT_CONVERSION = YES;
				CLANG_WARN_DEPRECATED_OBJC_IMPLEMENTATIONS = YES;
				CLANG_WARN_DIRECT_OBJC_ISA_USAGE = YES_ERROR;
				CLANG_WARN_DOCUMENTATION_COMMENTS = YES;
				CLANG_WARN_EMPTY_BODY = YES;
				CLANG_WARN_ENUM_CONVERSION = YES;
				CLANG_WARN_INFINITE_RECURSION = YES;
				CLANG_WARN_INT_CONVERSION = YES;
				CLANG_WARN_NON_LITERAL_NULL_CONVERSION = YES;
				CLANG_WARN_OBJC_IMPLICIT_RETAIN_SELF = YES;
				CLANG_WARN_OBJC_LITERAL_CONVERSION = YES;
				CLANG_WARN_OBJC_ROOT_CLASS = YES_ERROR;
				CLANG_WARN_QUOTED_INCLUDE_IN_FRAMEWORK_HEADER = YES;
				CLANG_WARN_RANGE_LOOP_ANALYSIS = YES;
				CLANG_WARN_STRICT_PROTOTYPES = YES;
				CLANG_WARN_SUSPICIOUS_MOVE = YES;
				CLANG_WARN_UNGUARDED_AVAILABILITY = YES_AGGRESSIVE;
				CLANG_WARN_UNREACHABLE_CODE = YES;
				CLANG_WARN__DUPLICATE_METHOD_MATCH = YES;
				COPY_PHASE_STRIP = NO;
				DEBUG_INFORMATION_FORMAT = "dwarf-with-dsym";
				ENABLE_NS_ASSERTIONS = NO;
				ENABLE_STRICT_OBJC_MSGSEND = YES;
				GCC_C_LANGUAGE_STANDARD = gnu11;
				GCC_NO_COMMON_BLOCKS = YES;
				GCC_WARN_64_TO_32_BIT_CONVERSION = YES;
				GCC_WARN_ABOUT_RETURN_TYPE = YES_ERROR;
				GCC_WARN_UNDECLARED_SELECTOR = YES;
				GCC_WARN_UNINITIALIZED_AUTOS = YES_AGGRESSIVE;
				GCC_WARN_UNUSED_FUNCTION = YES;
				GCC_WARN_UNUSED_VARIABLE = YES;
				IPHONEOS_DEPLOYMENT_TARGET = 14.4;
				MTL_ENABLE_DEBUG_INFO = NO;
				MTL_FAST_MATH = YES;
				SDKROOT = iphoneos;
				SWIFT_COMPILATION_MODE = wholemodule;
				SWIFT_OPTIMIZATION_LEVEL = "-O";
				VALIDATE_PRODUCT = YES;
			};
			name = Release;
		};
		E3B9CF5A25E147CA002BF620 /* Debug */ = {
			isa = XCBuildConfiguration;
			buildSettings = {
				ASSETCATALOG_COMPILER_APPICON_NAME = AppIcon;
				ASSETCATALOG_COMPILER_GLOBAL_ACCENT_COLOR_NAME = AccentColor;
				CODE_SIGN_STYLE = Automatic;
				DEVELOPMENT_TEAM = W2RM2VL6UC;
				INFOPLIST_FILE = MovieList/Info.plist;
				LD_RUNPATH_SEARCH_PATHS = (
					"$(inherited)",
					"@executable_path/Frameworks",
				);
				PRODUCT_BUNDLE_IDENTIFIER = lv.accenture.bootcamp.MovieList;
				PRODUCT_NAME = "$(TARGET_NAME)";
				SWIFT_VERSION = 5.0;
				TARGETED_DEVICE_FAMILY = "1,2";
			};
			name = Debug;
		};
		E3B9CF5B25E147CA002BF620 /* Release */ = {
			isa = XCBuildConfiguration;
			buildSettings = {
				ASSETCATALOG_COMPILER_APPICON_NAME = AppIcon;
				ASSETCATALOG_COMPILER_GLOBAL_ACCENT_COLOR_NAME = AccentColor;
				CODE_SIGN_STYLE = Automatic;
				DEVELOPMENT_TEAM = W2RM2VL6UC;
				INFOPLIST_FILE = MovieList/Info.plist;
				LD_RUNPATH_SEARCH_PATHS = (
					"$(inherited)",
					"@executable_path/Frameworks",
				);
				PRODUCT_BUNDLE_IDENTIFIER = lv.accenture.bootcamp.MovieList;
				PRODUCT_NAME = "$(TARGET_NAME)";
				SWIFT_VERSION = 5.0;
				TARGETED_DEVICE_FAMILY = "1,2";
			};
			name = Release;
		};
/* End XCBuildConfiguration section */

/* Begin XCConfigurationList section */
		E3B9CF4025E147C5002BF620 /* Build configuration list for PBXProject "MovieList" */ = {
			isa = XCConfigurationList;
			buildConfigurations = (
				E3B9CF5725E147CA002BF620 /* Debug */,
				E3B9CF5825E147CA002BF620 /* Release */,
			);
			defaultConfigurationIsVisible = 0;
			defaultConfigurationName = Release;
		};
		E3B9CF5925E147CA002BF620 /* Build configuration list for PBXNativeTarget "MovieList" */ = {
			isa = XCConfigurationList;
			buildConfigurations = (
				E3B9CF5A25E147CA002BF620 /* Debug */,
				E3B9CF5B25E147CA002BF620 /* Release */,
			);
			defaultConfigurationIsVisible = 0;
			defaultConfigurationName = Release;
		};
/* End XCConfigurationList section */
	};
	rootObject = E3B9CF3D25E147C5002BF620 /* Project object */;
}
